
Microsoft Visual Studio Solution File, Format Version 12.00
# Visual Studio Version 17
VisualStudioVersion = 17.10.35122.118
MinimumVisualStudioVersion = 10.0.40219.1
Project("{FAE04EC0-301F-11D3-BF4B-00C04F79EFBC}") = "NewsMVP", "NewsMVP\NewsMVP.csproj", "{0FB7E547-6569-49B5-949B-36DD44ACA284}"
EndProject
Global
	GlobalSection(SolutionConfigurationPlatforms) = preSolution
		Debug|Any CPU = Debug|Any CPU
		Release|Any CPU = Release|Any CPU
	EndGlobalSection
	GlobalSection(ProjectConfigurationPlatforms) = postSolution
		{0FB7E547-6569-49B5-949B-36DD44ACA284}.Debug|Any CPU.ActiveCfg = Debug|Any CPU
		{0FB7E547-6569-49B5-949B-36DD44ACA284}.Debug|Any CPU.Build.0 = Debug|Any CPU
		{0FB7E547-6569-49B5-949B-36DD44ACA284}.Release|Any CPU.ActiveCfg = Release|Any CPU
		{0FB7E547-6569-49B5-949B-36DD44ACA284}.Release|Any CPU.Build.0 = Release|Any CPU
	EndGlobalSection
	GlobalSection(SolutionProperties) = preSolution
		HideSolutionNode = FALSE
	EndGlobalSection
	GlobalSection(ExtensibilityGlobals) = postSolution
		SolutionGuid = {C946BF1D-A992-4330-B155-5ABE012EF1F8}
	EndGlobalSection
EndGlobal
